hash: b648f034672e8b6a0b45b036aa5ecd65e74ae0eae3730e7a49b71a13705755e1
updated: 2016-09-24T15:52:47.476416614+04:00
imports:
- name: github.com/spf13/cobra
  version: 9c28e4bbd74e5c3ed7aacbc552b2cab7cfdfe744
testImports:
- name: github.com/gopherjs/gopherjs
  version: 7600e3d439bd24b1a637bb6b67e9936c7d8736b3
  subpackages:
  - js
- name: github.com/jtolds/gls
  version: 8ddce2a84170772b95dd5d576c48d517b22cac63
- name: github.com/smartystreets/assertions
  version: 2063fd1cc7c975db70502811a34b06ad034ccdf2
  subpackages:
  - internal/go-render/render
  - internal/oglematchers
- name: github.com/smartystreets/goconvey
  version: d4c757aa9afd1e2fc1832aaab209b5794eb336e1
  subpackages:
  - convey
  - convey/gotest
  - convey/reporting
