# This file is autogenerated, do not edit; changes may be undone by the next 'dep ensure'.


[[projects]]
  branch = "master"
  name = "github.com/gopherjs/gopherjs"
  packages = ["js"]
  revision = "50101461d59f26b13c876f57aab314ce55387671"

[[projects]]
  branch = "master"
  name = "github.com/jtolds/gls"
  packages = ["."]
  revision = "8ddce2a84170772b95dd5d576c48d517b22cac63"

[[projects]]
  branch = "master"
  name = "github.com/smartystreets/assertions"
  packages = [".","internal/go-render/render","internal/oglematchers"]
  revision = "2063fd1cc7c975db70502811a34b06ad034ccdf2"

[[projects]]
  branch = "master"
  name = "github.com/smartystreets/goconvey"
  packages = ["convey","convey/gotest","convey/reporting"]
  revision = "5db88ed452e937f2fd557de6f4f1af7f2eabed0b"

[solve-meta]
  analyzer-name = "dep"
  analyzer-version = 1
  inputs-digest = "5b033124eb7f2db0f033a2e84f6d206602baf5ea5046c4a2c3b528ad69929665"
  solver-name = "gps-cdcl"
  solver-version = 1
